
Microsoft Visual Studio Solution File, Format Version 12.00
Project("{FAE04EC0-301F-11D3-BF4B-00C04F79EFBC}") = "ApiHawk.CLI", "ApiHawk.CLI\ApiHawk.CLI.csproj", "{3FEEF81A-2D9A-435D-99FA-8583EDBFFCC3}"
EndProject
Project("{FAE04EC0-301F-11D3-BF4B-00C04F79EFBC}") = "ApiHawk.Tests", "ApiHawk.Tests\ApiHawk.Tests.csproj", "{34234A86-436E-4BF2-ACE1-C954CBD62212}"
EndProject
Project("{FAE04EC0-301F-11D3-BF4B-00C04F79EFBC}") = "ApiHawk.Core", "ApiHawk.Core\ApiHawk.Core.csproj", "{38910220-64BA-4A7A-829C-61193EAAC6DC}"
EndProject
Project("{FAE04EC0-301F-11D3-BF4B-00C04F79EFBC}") = "ApiHawk.Desktop", "ApiHawk.Desktop\ApiHawk.Desktop.csproj", "{4437968A-885A-40D1-BE37-88BC20F026AF}"
EndProject
Global
	GlobalSection(SolutionConfigurationPlatforms) = preSolution
		Debug|Any CPU = Debug|Any CPU
		Release|Any CPU = Release|Any CPU
	EndGlobalSection
	GlobalSection(ProjectConfigurationPlatforms) = postSolution
		{3FEEF81A-2D9A-435D-99FA-8583EDBFFCC3}.Debug|Any CPU.ActiveCfg = Debug|Any CPU
		{3FEEF81A-2D9A-435D-99FA-8583EDBFFCC3}.Debug|Any CPU.Build.0 = Debug|Any CPU
		{3FEEF81A-2D9A-435D-99FA-8583EDBFFCC3}.Release|Any CPU.ActiveCfg = Release|Any CPU
		{3FEEF81A-2D9A-435D-99FA-8583EDBFFCC3}.Release|Any CPU.Build.0 = Release|Any CPU
		{34234A86-436E-4BF2-ACE1-C954CBD62212}.Debug|Any CPU.ActiveCfg = Debug|Any CPU
		{34234A86-436E-4BF2-ACE1-C954CBD62212}.Debug|Any CPU.Build.0 = Debug|Any CPU
		{34234A86-436E-4BF2-ACE1-C954CBD62212}.Release|Any CPU.ActiveCfg = Release|Any CPU
		{34234A86-436E-4BF2-ACE1-C954CBD62212}.Release|Any CPU.Build.0 = Release|Any CPU
		{38910220-64BA-4A7A-829C-61193EAAC6DC}.Debug|Any CPU.ActiveCfg = Debug|Any CPU
		{38910220-64BA-4A7A-829C-61193EAAC6DC}.Debug|Any CPU.Build.0 = Debug|Any CPU
		{38910220-64BA-4A7A-829C-61193EAAC6DC}.Release|Any CPU.ActiveCfg = Release|Any CPU
		{38910220-64BA-4A7A-829C-61193EAAC6DC}.Release|Any CPU.Build.0 = Release|Any CPU
		{4437968A-885A-40D1-BE37-88BC20F026AF}.Debug|Any CPU.ActiveCfg = Debug|Any CPU
		{4437968A-885A-40D1-BE37-88BC20F026AF}.Debug|Any CPU.Build.0 = Debug|Any CPU
		{4437968A-885A-40D1-BE37-88BC20F026AF}.Release|Any CPU.ActiveCfg = Release|Any CPU
		{4437968A-885A-40D1-BE37-88BC20F026AF}.Release|Any CPU.Build.0 = Release|Any CPU
	EndGlobalSection
EndGlobal
